// !$*UTF8*$!
{
	archiveVersion = 1;
	classes = {
	};
	objectVersion = 42;
	objects = {

/* Begin PBXBuildFile section */
		AB239A231257A65100E9FCAB /* NLCocoaBenchTest.m in Sources */ = {isa = PBXBuildFile; fileRef = AB239A221257A65100E9FCAB /* NLCocoaBenchTest.m */; };
		AB445A991257DF1B00ECF199 /* NLCocoaBench.m in Sources */ = {isa = PBXBuildFile; fileRef = AB445A981257DF1B00ECF199 /* NLCocoaBench.m */; };
		AB445AA61257DF4000ECF199 /* NLCBProfile.m in Sources */ = {isa = PBXBuildFile; fileRef = AB445AA51257DF4000ECF199 /* NLCBProfile.m */; };
		AB445AAE1257DFAF00ECF199 /* NLCBProfileStatsTest.m in Sources */ = {isa = PBXBuildFile; fileRef = AB445AAD1257DFAF00ECF199 /* NLCBProfileStatsTest.m */; };
		AB445ABC1257DFFB00ECF199 /* NLCBProfileStatsStub.m in Sources */ = {isa = PBXBuildFile; fileRef = AB445ABB1257DFFB00ECF199 /* NLCBProfileStatsStub.m */; };
		AB445ACD1257E07500ECF199 /* NLCBProfileStatsFormatterTest.m in Sources */ = {isa = PBXBuildFile; fileRef = AB445ACC1257E07500ECF199 /* NLCBProfileStatsFormatterTest.m */; };
		AB445AD41257E0C400ECF199 /* NLCBProfileStatsFormatter.m in Sources */ = {isa = PBXBuildFile; fileRef = AB445AD31257E0C400ECF199 /* NLCBProfileStatsFormatter.m */; };
		AB445AF3125848F400ECF199 /* NLCocoaBenchSummaryFormatter.m in Sources */ = {isa = PBXBuildFile; fileRef = AB445AF2125848F400ECF199 /* NLCocoaBenchSummaryFormatter.m */; };
		AB445AF91258493C00ECF199 /* NLCocoaBenchSummaryFormatterTest.m in Sources */ = {isa = PBXBuildFile; fileRef = AB445AF81258493C00ECF199 /* NLCocoaBenchSummaryFormatterTest.m */; };
/* End PBXBuildFile section */

/* Begin PBXFileReference section */
		AB239A071257A56500E9FCAB /* UnitTests.octest */ = {isa = PBXFileReference; explicitFileType = wrapper.cfbundle; includeInIndex = 0; path = UnitTests.octest; sourceTree = BUILT_PRODUCTS_DIR; };
		AB239A091257A56500E9FCAB /* UnitTests-Info.plist */ = {isa = PBXFileReference; lastKnownFileType = text.plist.xml; path = "UnitTests-Info.plist"; sourceTree = "<group>"; };
		AB239A221257A65100E9FCAB /* NLCocoaBenchTest.m */ = {isa = PBXFileReference; fileEncoding = 4; lastKnownFileType = sourcecode.c.objc; path = NLCocoaBenchTest.m; sourceTree = "<group>"; };
		AB445A971257DF1B00ECF199 /* NLCocoaBench.h */ = {isa = PBXFileReference; fileEncoding = 4; lastKnownFileType = sourcecode.c.h; path = NLCocoaBench.h; sourceTree = "<group>"; };
		AB445A981257DF1B00ECF199 /* NLCocoaBench.m */ = {isa = PBXFileReference; fileEncoding = 4; lastKnownFileType = sourcecode.c.objc; path = NLCocoaBench.m; sourceTree = "<group>"; };
		AB445AA41257DF4000ECF199 /* NLCBProfile.h */ = {isa = PBXFileReference; fileEncoding = 4; lastKnownFileType = sourcecode.c.h; path = NLCBProfile.h; sourceTree = "<group>"; };
		AB445AA51257DF4000ECF199 /* NLCBProfile.m */ = {isa = PBXFileReference; fileEncoding = 4; lastKnownFileType = sourcecode.c.objc; path = NLCBProfile.m; sourceTree = "<group>"; };
		AB445AAD1257DFAF00ECF199 /* NLCBProfileStatsTest.m */ = {isa = PBXFileReference; fileEncoding = 4; lastKnownFileType = sourcecode.c.objc; path = NLCBProfileStatsTest.m; sourceTree = "<group>"; };
		AB445ABA1257DFFB00ECF199 /* NLCBProfileStatsStub.h */ = {isa = PBXFileReference; fileEncoding = 4; lastKnownFileType = sourcecode.c.h; path = NLCBProfileStatsStub.h; sourceTree = "<group>"; };
		AB445ABB1257DFFB00ECF199 /* NLCBProfileStatsStub.m */ = {isa = PBXFileReference; fileEncoding = 4; lastKnownFileType = sourcecode.c.objc; path = NLCBProfileStatsStub.m; sourceTree = "<group>"; };
		AB445ACC1257E07500ECF199 /* NLCBProfileStatsFormatterTest.m */ = {isa = PBXFileReference; fileEncoding = 4; lastKnownFileType = sourcecode.c.objc; path = NLCBProfileStatsFormatterTest.m; sourceTree = "<group>"; };
		AB445AD21257E0C400ECF199 /* NLCBProfileStatsFormatter.h */ = {isa = PBXFileReference; fileEncoding = 4; lastKnownFileType = sourcecode.c.h; path = NLCBProfileStatsFormatter.h; sourceTree = "<group>"; };
		AB445AD31257E0C400ECF199 /* NLCBProfileStatsFormatter.m */ = {isa = PBXFileReference; fileEncoding = 4; lastKnownFileType = sourcecode.c.objc; path = NLCBProfileStatsFormatter.m; sourceTree = "<group>"; };
		AB445AF1125848F400ECF199 /* NLCocoaBenchSummaryFormatter.h */ = {isa = PBXFileReference; fileEncoding = 4; lastKnownFileType = sourcecode.c.h; path = NLCocoaBenchSummaryFormatter.h; sourceTree = "<group>"; };
		AB445AF2125848F400ECF199 /* NLCocoaBenchSummaryFormatter.m */ = {isa = PBXFileReference; fileEncoding = 4; lastKnownFileType = sourcecode.c.objc; path = NLCocoaBenchSummaryFormatter.m; sourceTree = "<group>"; };
		AB445AF81258493C00ECF199 /* NLCocoaBenchSummaryFormatterTest.m */ = {isa = PBXFileReference; fileEncoding = 4; lastKnownFileType = sourcecode.c.objc; path = NLCocoaBenchSummaryFormatterTest.m; sourceTree = "<group>"; };
/* End PBXFileReference section */

/* Begin PBXFrameworksBuildPhase section */
		AB239A041257A56500E9FCAB /* Frameworks */ = {
			isa = PBXFrameworksBuildPhase;
			buildActionMask = 2147483647;
			files = (
			);
			runOnlyForDeploymentPostprocessing = 0;
		};
/* End PBXFrameworksBuildPhase section */

/* Begin PBXGroup section */
		AB2399F51257A4C200E9FCAB = {
			isa = PBXGroup;
			children = (
				AB445A961257DF1B00ECF199 /* CocoaBench */,
				AB239A201257A62600E9FCAB /* Tests */,
				AB239A081257A56500E9FCAB /* Products */,
				AB239A091257A56500E9FCAB /* UnitTests-Info.plist */,
			);
			sourceTree = "<group>";
		};
		AB239A081257A56500E9FCAB /* Products */ = {
			isa = PBXGroup;
			children = (
				AB239A071257A56500E9FCAB /* UnitTests.octest */,
			);
			name = Products;
			sourceTree = "<group>";
		};
		AB239A201257A62600E9FCAB /* Tests */ = {
			isa = PBXGroup;
			children = (
				AB239A221257A65100E9FCAB /* NLCocoaBenchTest.m */,
				AB445AAD1257DFAF00ECF199 /* NLCBProfileStatsTest.m */,
				AB445ABA1257DFFB00ECF199 /* NLCBProfileStatsStub.h */,
				AB445ABB1257DFFB00ECF199 /* NLCBProfileStatsStub.m */,
				AB445ACC1257E07500ECF199 /* NLCBProfileStatsFormatterTest.m */,
				AB445AF81258493C00ECF199 /* NLCocoaBenchSummaryFormatterTest.m */,
			);
			path = Tests;
			sourceTree = "<group>";
		};
		AB445A961257DF1B00ECF199 /* CocoaBench */ = {
			isa = PBXGroup;
			children = (
				AB445A971257DF1B00ECF199 /* NLCocoaBench.h */,
				AB445A981257DF1B00ECF199 /* NLCocoaBench.m */,
				AB445AF1125848F400ECF199 /* NLCocoaBenchSummaryFormatter.h */,
				AB445AF2125848F400ECF199 /* NLCocoaBenchSummaryFormatter.m */,
				AB445AA41257DF4000ECF199 /* NLCBProfile.h */,
				AB445AA51257DF4000ECF199 /* NLCBProfile.m */,
				AB445AD21257E0C400ECF199 /* NLCBProfileStatsFormatter.h */,
				AB445AD31257E0C400ECF199 /* NLCBProfileStatsFormatter.m */,
			);
			path = CocoaBench;
			sourceTree = "<group>";
		};
/* End PBXGroup section */

/* Begin PBXNativeTarget section */
		AB239A061257A56500E9FCAB /* UnitTests */ = {
			isa = PBXNativeTarget;
			buildConfigurationList = AB239A0C1257A56600E9FCAB /* Build configuration list for PBXNativeTarget "UnitTests" */;
			buildPhases = (
				AB239A021257A56500E9FCAB /* Resources */,
				AB239A031257A56500E9FCAB /* Sources */,
				AB239A041257A56500E9FCAB /* Frameworks */,
				AB239A051257A56500E9FCAB /* ShellScript */,
			);
			buildRules = (
			);
			dependencies = (
			);
			name = UnitTests;
			productName = UnitTests;
			productReference = AB239A071257A56500E9FCAB /* UnitTests.octest */;
			productType = "com.apple.product-type.bundle";
		};
/* End PBXNativeTarget section */

/* Begin PBXProject section */
		AB2399F71257A4C200E9FCAB /* Project object */ = {
			isa = PBXProject;
			buildConfigurationList = AB2399FA1257A4C200E9FCAB /* Build configuration list for PBXProject "CocoaBench" */;
			compatibilityVersion = "Xcode 2.4";
			developmentRegion = English;
			hasScannedForEncodings = 0;
			knownRegions = (
				English,
				Japanese,
				French,
				German,
			);
			mainGroup = AB2399F51257A4C200E9FCAB;
			productRefGroup = AB239A081257A56500E9FCAB /* Products */;
			projectDirPath = "";
			projectRoot = "";
			targets = (
				AB239A061257A56500E9FCAB /* UnitTests */,
			);
		};
/* End PBXProject section */

/* Begin PBXResourcesBuildPhase section */
		AB239A021257A56500E9FCAB /* Resources */ = {
			isa = PBXResourcesBuildPhase;
			buildActionMask = 2147483647;
			files = (
			);
			runOnlyForDeploymentPostprocessing = 0;
		};
/* End PBXResourcesBuildPhase section */

/* Begin PBXShellScriptBuildPhase section */
		AB239A051257A56500E9FCAB /* ShellScript */ = {
			isa = PBXShellScriptBuildPhase;
			buildActionMask = 2147483647;
			files = (
			);
			inputPaths = (
			);
			outputPaths = (
			);
			runOnlyForDeploymentPostprocessing = 0;
			shellPath = /bin/sh;
			shellScript = "# Run the unit tests in this test bundle.\n\"${SYSTEM_DEVELOPER_DIR}/Tools/RunUnitTests\"\n";
		};
/* End PBXShellScriptBuildPhase section */

/* Begin PBXSourcesBuildPhase section */
		AB239A031257A56500E9FCAB /* Sources */ = {
			isa = PBXSourcesBuildPhase;
			buildActionMask = 2147483647;
			files = (
				AB239A231257A65100E9FCAB /* NLCocoaBenchTest.m in Sources */,
				AB445A991257DF1B00ECF199 /* NLCocoaBench.m in Sources */,
				AB445AA61257DF4000ECF199 /* NLCBProfile.m in Sources */,
				AB445AAE1257DFAF00ECF199 /* NLCBProfileStatsTest.m in Sources */,
				AB445ABC1257DFFB00ECF199 /* NLCBProfileStatsStub.m in Sources */,
				AB445ACD1257E07500ECF199 /* NLCBProfileStatsFormatterTest.m in Sources */,
				AB445AD41257E0C400ECF199 /* NLCBProfileStatsFormatter.m in Sources */,
				AB445AF3125848F400ECF199 /* NLCocoaBenchSummaryFormatter.m in Sources */,
				AB445AF91258493C00ECF199 /* NLCocoaBenchSummaryFormatterTest.m in Sources */,
			);
			runOnlyForDeploymentPostprocessing = 0;
		};
/* End PBXSourcesBuildPhase section */

/* Begin XCBuildConfiguration section */
		AB2399F81257A4C200E9FCAB /* Debug */ = {
			isa = XCBuildConfiguration;
			buildSettings = {
				COPY_PHASE_STRIP = NO;
				GCC_TREAT_WARNINGS_AS_ERRORS = YES;
				GCC_VERSION = 4.2;
			};
			name = Debug;
		};
		AB2399F91257A4C200E9FCAB /* Release */ = {
			isa = XCBuildConfiguration;
			buildSettings = {
				COPY_PHASE_STRIP = YES;
			};
			name = Release;
		};
		AB239A0A1257A56500E9FCAB /* Debug */ = {
			isa = XCBuildConfiguration;
			buildSettings = {
				ALWAYS_SEARCH_USER_PATHS = NO;
				COPY_PHASE_STRIP = NO;
				FRAMEWORK_SEARCH_PATHS = "$(DEVELOPER_LIBRARY_DIR)/Frameworks";
				GCC_DYNAMIC_NO_PIC = NO;
				GCC_ENABLE_FIX_AND_CONTINUE = NO;
				GCC_ENABLE_OBJC_EXCEPTIONS = YES;
				GCC_MODEL_TUNING = G5;
				GCC_OPTIMIZATION_LEVEL = 0;
				GCC_PRECOMPILE_PREFIX_HEADER = YES;
				GCC_PREFIX_HEADER = "$(SYSTEM_LIBRARY_DIR)/Frameworks/Cocoa.framework/Headers/Cocoa.h";
				INFOPLIST_FILE = "UnitTests-Info.plist";
				INSTALL_PATH = "$(USER_LIBRARY_DIR)/Bundles";
				OTHER_LDFLAGS = (
					"-framework",
					Cocoa,
					"-framework",
					SenTestingKit,
				);
				PREBINDING = NO;
				PRODUCT_NAME = UnitTests;
				WRAPPER_EXTENSION = octest;
			};
			name = Debug;
		};
		AB239A0B1257A56500E9FCAB /* Release */ = {
			isa = XCBuildConfiguration;
			buildSettings = {
				ALWAYS_SEARCH_USER_PATHS = NO;
				COPY_PHASE_STRIP = YES;
				DEBUG_INFORMATION_FORMAT = "dwarf-with-dsym";
				FRAMEWORK_SEARCH_PATHS = "$(DEVELOPER_LIBRARY_DIR)/Frameworks";
				GCC_ENABLE_FIX_AND_CONTINUE = NO;
				GCC_ENABLE_OBJC_EXCEPTIONS = YES;
				GCC_MODEL_TUNING = G5;
				GCC_PRECOMPILE_PREFIX_HEADER = YES;
				GCC_PREFIX_HEADER = "$(SYSTEM_LIBRARY_DIR)/Frameworks/Cocoa.framework/Headers/Cocoa.h";
				INFOPLIST_FILE = "UnitTests-Info.plist";
				INSTALL_PATH = "$(USER_LIBRARY_DIR)/Bundles";
				OTHER_LDFLAGS = (
					"-framework",
					Cocoa,
					"-framework",
					SenTestingKit,
				);
				PREBINDING = NO;
				PRODUCT_NAME = UnitTests;
				WRAPPER_EXTENSION = octest;
				ZERO_LINK = NO;
			};
			name = Release;
		};
/* End XCBuildConfiguration section */

/* Begin XCConfigurationList section */
		AB2399FA1257A4C200E9FCAB /* Build configuration list for PBXProject "CocoaBench" */ = {
			isa = XCConfigurationList;
			buildConfigurations = (
				AB2399F81257A4C200E9FCAB /* Debug */,
				AB2399F91257A4C200E9FCAB /* Release */,
			);
			defaultConfigurationIsVisible = 0;
			defaultConfigurationName = Release;
		};
		AB239A0C1257A56600E9FCAB /* Build configuration list for PBXNativeTarget "UnitTests" */ = {
			isa = XCConfigurationList;
			buildConfigurations = (
				AB239A0A1257A56500E9FCAB /* Debug */,
				AB239A0B1257A56500E9FCAB /* Release */,
			);
			defaultConfigurationIsVisible = 0;
			defaultConfigurationName = Release;
		};
/* End XCConfigurationList section */
	};
	rootObject = AB2399F71257A4C200E9FCAB /* Project object */;
}
